
Microsoft Visual Studio Solution File, Format Version 12.00
# Visual Studio Version 17
VisualStudioVersion = 17.0.32014.148
MinimumVisualStudioVersion = 10.0.40219.1
Project("{2150E333-8FDC-42A3-9474-1A3956D46DE8}") = "Benchmarks", "Benchmarks", "{88B95995-6047-4481-A29E-861550B92E5C}"
EndProject
Project("{9A19103F-16F7-4668-BE54-9A1E7A4F7556}") = "NetworkLibrary", "NetworkLibrary\NetworkLibrary.csproj", "{D844E241-D256-440C-89EB-B7315AC1334F}"
EndProject
Project("{9A19103F-16F7-4668-BE54-9A1E7A4F7556}") = "TcpMessageBenchmark", "Benchmarks\TcpBenchmark\TcpMessageBenchmark.csproj", "{B17B1758-B43B-498E-945A-E49D677EB1EC}"
EndProject
Project("{9A19103F-16F7-4668-BE54-9A1E7A4F7556}") = "UdpBenchmark", "Benchmarks\UdpBenchmark\UdpBenchmark.csproj", "{90B070F6-3FB9-40BF-A747-BA127DE74D10}"
EndProject
Project("{9A19103F-16F7-4668-BE54-9A1E7A4F7556}") = "UnitTests", "Tests\UnitTests\UnitTests.csproj", "{900DFAD5-E784-4C9E-9FB8-109D0E17E280}"
EndProject
Project("{FAE04EC0-301F-11D3-BF4B-00C04F79EFBC}") = "ConsoleTest", "Tests\ConsoleTest\ConsoleTest.csproj", "{F8C710AB-FEBA-4F74-9E76-2DBDB15DEA67}"
EndProject
Project("{9A19103F-16F7-4668-BE54-9A1E7A4F7556}") = "SslBenchmark", "Benchmarks\SslBenchmark\SslBenchmark.csproj", "{EF55F476-873B-463E-B38B-DF6052CEEC42}"
EndProject
Project("{9A19103F-16F7-4668-BE54-9A1E7A4F7556}") = "SslBenchmark2", "Benchmarks\SslBenchmark2\SslBenchmark2.csproj", "{78E9A9B4-1A76-4116-99E8-3E3D1444E424}"
EndProject
Project("{9A19103F-16F7-4668-BE54-9A1E7A4F7556}") = "Protobuff", "Protobuff\Protobuff.csproj", "{9A0AB8AA-9DAD-4300-AA82-BD3D82EAF16E}"
EndProject
Project("{9A19103F-16F7-4668-BE54-9A1E7A4F7556}") = "SecureProtobuffBenchmark", "Benchmarks\SecureProtobuffBenchmark\SecureProtobuffBenchmark.csproj", "{F7BE9D9C-02D3-4CC3-A274-552F4DA4B534}"
EndProject
Project("{9A19103F-16F7-4668-BE54-9A1E7A4F7556}") = "ProtobuffBenchmark", "Benchmarks\ProtobuffBenchmark\ProtobuffBenchmark.csproj", "{21520F3D-92F7-4DC7-8371-80D02B499600}"
EndProject
Project("{2150E333-8FDC-42A3-9474-1A3956D46DE8}") = "SimpleExamples", "SimpleExamples", "{83C22642-122B-4EA9-9BBE-B81130DA7747}"
EndProject
Project("{9A19103F-16F7-4668-BE54-9A1E7A4F7556}") = "Examples", "Examples\Examples.csproj", "{233D3C1A-C350-4475-A8A3-BB1F55DE343E}"
	ProjectSection(ProjectDependencies) = postProject
		{9A0AB8AA-9DAD-4300-AA82-BD3D82EAF16E} = {9A0AB8AA-9DAD-4300-AA82-BD3D82EAF16E}
		{D844E241-D256-440C-89EB-B7315AC1334F} = {D844E241-D256-440C-89EB-B7315AC1334F}
	EndProjectSection
EndProject
Project("{FAE04EC0-301F-11D3-BF4B-00C04F79EFBC}") = "MessagePackNetwork", "MessagePack\MessagePackNetwork\MessagePackNetwork.csproj", "{E2862A89-A51D-42DF-99E3-4C49DF21B22E}"
EndProject
Project("{FAE04EC0-301F-11D3-BF4B-00C04F79EFBC}") = "MessagePackBenchmark", "Benchmarks\MessagePackBenchmark\MessagePackBenchmark\MessagePackBenchmark.csproj", "{5CA365ED-873C-4380-8A9B-59F48022C34E}"
EndProject
Global
	GlobalSection(SolutionConfigurationPlatforms) = preSolution
		Debug|Any CPU = Debug|Any CPU
		Debug|ARM32 = Debug|ARM32
		Debug|x64 = Debug|x64
		Release|Any CPU = Release|Any CPU
		Release|ARM32 = Release|ARM32
		Release|x64 = Release|x64
	EndGlobalSection
	GlobalSection(ProjectConfigurationPlatforms) = postSolution
		{D844E241-D256-440C-89EB-B7315AC1334F}.Debug|Any CPU.ActiveCfg = Debug|Any CPU
		{D844E241-D256-440C-89EB-B7315AC1334F}.Debug|Any CPU.Build.0 = Debug|Any CPU
		{D844E241-D256-440C-89EB-B7315AC1334F}.Debug|ARM32.ActiveCfg = Debug|Any CPU
		{D844E241-D256-440C-89EB-B7315AC1334F}.Debug|ARM32.Build.0 = Debug|Any CPU
		{D844E241-D256-440C-89EB-B7315AC1334F}.Debug|x64.ActiveCfg = Debug|Any CPU
		{D844E241-D256-440C-89EB-B7315AC1334F}.Debug|x64.Build.0 = Debug|Any CPU
		{D844E241-D256-440C-89EB-B7315AC1334F}.Release|Any CPU.ActiveCfg = Release|Any CPU
		{D844E241-D256-440C-89EB-B7315AC1334F}.Release|Any CPU.Build.0 = Release|Any CPU
		{D844E241-D256-440C-89EB-B7315AC1334F}.Release|ARM32.ActiveCfg = Release|Any CPU
		{D844E241-D256-440C-89EB-B7315AC1334F}.Release|ARM32.Build.0 = Release|Any CPU
		{D844E241-D256-440C-89EB-B7315AC1334F}.Release|x64.ActiveCfg = Release|Any CPU
		{D844E241-D256-440C-89EB-B7315AC1334F}.Release|x64.Build.0 = Release|Any CPU
		{B17B1758-B43B-498E-945A-E49D677EB1EC}.Debug|Any CPU.ActiveCfg = Debug|Any CPU
		{B17B1758-B43B-498E-945A-E49D677EB1EC}.Debug|Any CPU.Build.0 = Debug|Any CPU
		{B17B1758-B43B-498E-945A-E49D677EB1EC}.Debug|ARM32.ActiveCfg = Debug|ARM32
		{B17B1758-B43B-498E-945A-E49D677EB1EC}.Debug|ARM32.Build.0 = Debug|ARM32
		{B17B1758-B43B-498E-945A-E49D677EB1EC}.Debug|x64.ActiveCfg = Debug|Any CPU
		{B17B1758-B43B-498E-945A-E49D677EB1EC}.Debug|x64.Build.0 = Debug|Any CPU
		{B17B1758-B43B-498E-945A-E49D677EB1EC}.Release|Any CPU.ActiveCfg = Release|Any CPU
		{B17B1758-B43B-498E-945A-E49D677EB1EC}.Release|Any CPU.Build.0 = Release|Any CPU
		{B17B1758-B43B-498E-945A-E49D677EB1EC}.Release|ARM32.ActiveCfg = Release|ARM32
		{B17B1758-B43B-498E-945A-E49D677EB1EC}.Release|ARM32.Build.0 = Release|ARM32
		{B17B1758-B43B-498E-945A-E49D677EB1EC}.Release|x64.ActiveCfg = Release|Any CPU
		{B17B1758-B43B-498E-945A-E49D677EB1EC}.Release|x64.Build.0 = Release|Any CPU
		{90B070F6-3FB9-40BF-A747-BA127DE74D10}.Debug|Any CPU.ActiveCfg = Debug|Any CPU
		{90B070F6-3FB9-40BF-A747-BA127DE74D10}.Debug|Any CPU.Build.0 = Debug|Any CPU
		{90B070F6-3FB9-40BF-A747-BA127DE74D10}.Debug|ARM32.ActiveCfg = Debug|Any CPU
		{90B070F6-3FB9-40BF-A747-BA127DE74D10}.Debug|ARM32.Build.0 = Debug|Any CPU
		{90B070F6-3FB9-40BF-A747-BA127DE74D10}.Debug|x64.ActiveCfg = Debug|Any CPU
		{90B070F6-3FB9-40BF-A747-BA127DE74D10}.Debug|x64.Build.0 = Debug|Any CPU
		{90B070F6-3FB9-40BF-A747-BA127DE74D10}.Release|Any CPU.ActiveCfg = Release|Any CPU
		{90B070F6-3FB9-40BF-A747-BA127DE74D10}.Release|Any CPU.Build.0 = Release|Any CPU
		{90B070F6-3FB9-40BF-A747-BA127DE74D10}.Release|ARM32.ActiveCfg = Release|Any CPU
		{90B070F6-3FB9-40BF-A747-BA127DE74D10}.Release|ARM32.Build.0 = Release|Any CPU
		{90B070F6-3FB9-40BF-A747-BA127DE74D10}.Release|x64.ActiveCfg = Release|Any CPU
		{90B070F6-3FB9-40BF-A747-BA127DE74D10}.Release|x64.Build.0 = Release|Any CPU
		{900DFAD5-E784-4C9E-9FB8-109D0E17E280}.Debug|Any CPU.ActiveCfg = Debug|Any CPU
		{900DFAD5-E784-4C9E-9FB8-109D0E17E280}.Debug|Any CPU.Build.0 = Debug|Any CPU
		{900DFAD5-E784-4C9E-9FB8-109D0E17E280}.Debug|ARM32.ActiveCfg = Debug|Any CPU
		{900DFAD5-E784-4C9E-9FB8-109D0E17E280}.Debug|ARM32.Build.0 = Debug|Any CPU
		{900DFAD5-E784-4C9E-9FB8-109D0E17E280}.Debug|x64.ActiveCfg = Debug|Any CPU
		{900DFAD5-E784-4C9E-9FB8-109D0E17E280}.Debug|x64.Build.0 = Debug|Any CPU
		{900DFAD5-E784-4C9E-9FB8-109D0E17E280}.Release|Any CPU.ActiveCfg = Release|Any CPU
		{900DFAD5-E784-4C9E-9FB8-109D0E17E280}.Release|Any CPU.Build.0 = Release|Any CPU
		{900DFAD5-E784-4C9E-9FB8-109D0E17E280}.Release|ARM32.ActiveCfg = Release|Any CPU
		{900DFAD5-E784-4C9E-9FB8-109D0E17E280}.Release|ARM32.Build.0 = Release|Any CPU
		{900DFAD5-E784-4C9E-9FB8-109D0E17E280}.Release|x64.ActiveCfg = Release|Any CPU
		{900DFAD5-E784-4C9E-9FB8-109D0E17E280}.Release|x64.Build.0 = Release|Any CPU
		{F8C710AB-FEBA-4F74-9E76-2DBDB15DEA67}.Debug|Any CPU.ActiveCfg = Debug|Any CPU
		{F8C710AB-FEBA-4F74-9E76-2DBDB15DEA67}.Debug|Any CPU.Build.0 = Debug|Any CPU
		{F8C710AB-FEBA-4F74-9E76-2DBDB15DEA67}.Debug|ARM32.ActiveCfg = Debug|Any CPU
		{F8C710AB-FEBA-4F74-9E76-2DBDB15DEA67}.Debug|ARM32.Build.0 = Debug|Any CPU
		{F8C710AB-FEBA-4F74-9E76-2DBDB15DEA67}.Debug|x64.ActiveCfg = Debug|x64
		{F8C710AB-FEBA-4F74-9E76-2DBDB15DEA67}.Debug|x64.Build.0 = Debug|x64
		{F8C710AB-FEBA-4F74-9E76-2DBDB15DEA67}.Release|Any CPU.ActiveCfg = Release|Any CPU
		{F8C710AB-FEBA-4F74-9E76-2DBDB15DEA67}.Release|Any CPU.Build.0 = Release|Any CPU
		{F8C710AB-FEBA-4F74-9E76-2DBDB15DEA67}.Release|ARM32.ActiveCfg = Release|Any CPU
		{F8C710AB-FEBA-4F74-9E76-2DBDB15DEA67}.Release|ARM32.Build.0 = Release|Any CPU
		{F8C710AB-FEBA-4F74-9E76-2DBDB15DEA67}.Release|x64.ActiveCfg = Release|x64
		{F8C710AB-FEBA-4F74-9E76-2DBDB15DEA67}.Release|x64.Build.0 = Release|x64
		{EF55F476-873B-463E-B38B-DF6052CEEC42}.Debug|Any CPU.ActiveCfg = Debug|Any CPU
		{EF55F476-873B-463E-B38B-DF6052CEEC42}.Debug|Any CPU.Build.0 = Debug|Any CPU
		{EF55F476-873B-463E-B38B-DF6052CEEC42}.Debug|ARM32.ActiveCfg = Debug|Any CPU
		{EF55F476-873B-463E-B38B-DF6052CEEC42}.Debug|ARM32.Build.0 = Debug|Any CPU
		{EF55F476-873B-463E-B38B-DF6052CEEC42}.Debug|x64.ActiveCfg = Debug|Any CPU
		{EF55F476-873B-463E-B38B-DF6052CEEC42}.Debug|x64.Build.0 = Debug|Any CPU
		{EF55F476-873B-463E-B38B-DF6052CEEC42}.Release|Any CPU.ActiveCfg = Release|Any CPU
		{EF55F476-873B-463E-B38B-DF6052CEEC42}.Release|Any CPU.Build.0 = Release|Any CPU
		{EF55F476-873B-463E-B38B-DF6052CEEC42}.Release|ARM32.ActiveCfg = Release|Any CPU
		{EF55F476-873B-463E-B38B-DF6052CEEC42}.Release|ARM32.Build.0 = Release|Any CPU
		{EF55F476-873B-463E-B38B-DF6052CEEC42}.Release|x64.ActiveCfg = Release|Any CPU
		{EF55F476-873B-463E-B38B-DF6052CEEC42}.Release|x64.Build.0 = Release|Any CPU
		{78E9A9B4-1A76-4116-99E8-3E3D1444E424}.Debug|Any CPU.ActiveCfg = Debug|Any CPU
		{78E9A9B4-1A76-4116-99E8-3E3D1444E424}.Debug|Any CPU.Build.0 = Debug|Any CPU
		{78E9A9B4-1A76-4116-99E8-3E3D1444E424}.Debug|ARM32.ActiveCfg = Debug|Any CPU
		{78E9A9B4-1A76-4116-99E8-3E3D1444E424}.Debug|ARM32.Build.0 = Debug|Any CPU
		{78E9A9B4-1A76-4116-99E8-3E3D1444E424}.Debug|x64.ActiveCfg = Debug|Any CPU
		{78E9A9B4-1A76-4116-99E8-3E3D1444E424}.Debug|x64.Build.0 = Debug|Any CPU
		{78E9A9B4-1A76-4116-99E8-3E3D1444E424}.Release|Any CPU.ActiveCfg = Release|Any CPU
		{78E9A9B4-1A76-4116-99E8-3E3D1444E424}.Release|Any CPU.Build.0 = Release|Any CPU
		{78E9A9B4-1A76-4116-99E8-3E3D1444E424}.Release|ARM32.ActiveCfg = Release|Any CPU
		{78E9A9B4-1A76-4116-99E8-3E3D1444E424}.Release|ARM32.Build.0 = Release|Any CPU
		{78E9A9B4-1A76-4116-99E8-3E3D1444E424}.Release|x64.ActiveCfg = Release|Any CPU
		{78E9A9B4-1A76-4116-99E8-3E3D1444E424}.Release|x64.Build.0 = Release|Any CPU
		{9A0AB8AA-9DAD-4300-AA82-BD3D82EAF16E}.Debug|Any CPU.ActiveCfg = Debug|Any CPU
		{9A0AB8AA-9DAD-4300-AA82-BD3D82EAF16E}.Debug|Any CPU.Build.0 = Debug|Any CPU
		{9A0AB8AA-9DAD-4300-AA82-BD3D82EAF16E}.Debug|ARM32.ActiveCfg = Debug|Any CPU
		{9A0AB8AA-9DAD-4300-AA82-BD3D82EAF16E}.Debug|ARM32.Build.0 = Debug|Any CPU
		{9A0AB8AA-9DAD-4300-AA82-BD3D82EAF16E}.Debug|x64.ActiveCfg = Debug|Any CPU
		{9A0AB8AA-9DAD-4300-AA82-BD3D82EAF16E}.Debug|x64.Build.0 = Debug|Any CPU
		{9A0AB8AA-9DAD-4300-AA82-BD3D82EAF16E}.Release|Any CPU.ActiveCfg = Release|Any CPU
		{9A0AB8AA-9DAD-4300-AA82-BD3D82EAF16E}.Release|Any CPU.Build.0 = Release|Any CPU
		{9A0AB8AA-9DAD-4300-AA82-BD3D82EAF16E}.Release|ARM32.ActiveCfg = Release|Any CPU
		{9A0AB8AA-9DAD-4300-AA82-BD3D82EAF16E}.Release|ARM32.Build.0 = Release|Any CPU
		{9A0AB8AA-9DAD-4300-AA82-BD3D82EAF16E}.Release|x64.ActiveCfg = Release|Any CPU
		{9A0AB8AA-9DAD-4300-AA82-BD3D82EAF16E}.Release|x64.Build.0 = Release|Any CPU
		{F7BE9D9C-02D3-4CC3-A274-552F4DA4B534}.Debug|Any CPU.ActiveCfg = Debug|Any CPU
		{F7BE9D9C-02D3-4CC3-A274-552F4DA4B534}.Debug|Any CPU.Build.0 = Debug|Any CPU
		{F7BE9D9C-02D3-4CC3-A274-552F4DA4B534}.Debug|ARM32.ActiveCfg = Debug|Any CPU
		{F7BE9D9C-02D3-4CC3-A274-552F4DA4B534}.Debug|ARM32.Build.0 = Debug|Any CPU
		{F7BE9D9C-02D3-4CC3-A274-552F4DA4B534}.Debug|x64.ActiveCfg = Debug|Any CPU
		{F7BE9D9C-02D3-4CC3-A274-552F4DA4B534}.Debug|x64.Build.0 = Debug|Any CPU
		{F7BE9D9C-02D3-4CC3-A274-552F4DA4B534}.Release|Any CPU.ActiveCfg = Release|Any CPU
		{F7BE9D9C-02D3-4CC3-A274-552F4DA4B534}.Release|Any CPU.Build.0 = Release|Any CPU
		{F7BE9D9C-02D3-4CC3-A274-552F4DA4B534}.Release|ARM32.ActiveCfg = Release|Any CPU
		{F7BE9D9C-02D3-4CC3-A274-552F4DA4B534}.Release|ARM32.Build.0 = Release|Any CPU
		{F7BE9D9C-02D3-4CC3-A274-552F4DA4B534}.Release|x64.ActiveCfg = Release|Any CPU
		{F7BE9D9C-02D3-4CC3-A274-552F4DA4B534}.Release|x64.Build.0 = Release|Any CPU
		{21520F3D-92F7-4DC7-8371-80D02B499600}.Debug|Any CPU.ActiveCfg = Debug|Any CPU
		{21520F3D-92F7-4DC7-8371-80D02B499600}.Debug|Any CPU.Build.0 = Debug|Any CPU
		{21520F3D-92F7-4DC7-8371-80D02B499600}.Debug|ARM32.ActiveCfg = Debug|Any CPU
		{21520F3D-92F7-4DC7-8371-80D02B499600}.Debug|ARM32.Build.0 = Debug|Any CPU
		{21520F3D-92F7-4DC7-8371-80D02B499600}.Debug|x64.ActiveCfg = Debug|Any CPU
		{21520F3D-92F7-4DC7-8371-80D02B499600}.Debug|x64.Build.0 = Debug|Any CPU
		{21520F3D-92F7-4DC7-8371-80D02B499600}.Release|Any CPU.ActiveCfg = Release|Any CPU
		{21520F3D-92F7-4DC7-8371-80D02B499600}.Release|Any CPU.Build.0 = Release|Any CPU
		{21520F3D-92F7-4DC7-8371-80D02B499600}.Release|ARM32.ActiveCfg = Release|Any CPU
		{21520F3D-92F7-4DC7-8371-80D02B499600}.Release|ARM32.Build.0 = Release|Any CPU
		{21520F3D-92F7-4DC7-8371-80D02B499600}.Release|x64.ActiveCfg = Release|Any CPU
		{21520F3D-92F7-4DC7-8371-80D02B499600}.Release|x64.Build.0 = Release|Any CPU
		{233D3C1A-C350-4475-A8A3-BB1F55DE343E}.Debug|Any CPU.ActiveCfg = Debug|Any CPU
		{233D3C1A-C350-4475-A8A3-BB1F55DE343E}.Debug|Any CPU.Build.0 = Debug|Any CPU
		{233D3C1A-C350-4475-A8A3-BB1F55DE343E}.Debug|ARM32.ActiveCfg = Debug|Any CPU
		{233D3C1A-C350-4475-A8A3-BB1F55DE343E}.Debug|ARM32.Build.0 = Debug|Any CPU
		{233D3C1A-C350-4475-A8A3-BB1F55DE343E}.Debug|x64.ActiveCfg = Debug|Any CPU
		{233D3C1A-C350-4475-A8A3-BB1F55DE343E}.Debug|x64.Build.0 = Debug|Any CPU
		{233D3C1A-C350-4475-A8A3-BB1F55DE343E}.Release|Any CPU.ActiveCfg = Release|Any CPU
		{233D3C1A-C350-4475-A8A3-BB1F55DE343E}.Release|Any CPU.Build.0 = Release|Any CPU
		{233D3C1A-C350-4475-A8A3-BB1F55DE343E}.Release|ARM32.ActiveCfg = Release|Any CPU
		{233D3C1A-C350-4475-A8A3-BB1F55DE343E}.Release|ARM32.Build.0 = Release|Any CPU
		{233D3C1A-C350-4475-A8A3-BB1F55DE343E}.Release|x64.ActiveCfg = Release|Any CPU
		{233D3C1A-C350-4475-A8A3-BB1F55DE343E}.Release|x64.Build.0 = Release|Any CPU
		{E2862A89-A51D-42DF-99E3-4C49DF21B22E}.Debug|Any CPU.ActiveCfg = Debug|Any CPU
		{E2862A89-A51D-42DF-99E3-4C49DF21B22E}.Debug|Any CPU.Build.0 = Debug|Any CPU
		{E2862A89-A51D-42DF-99E3-4C49DF21B22E}.Debug|ARM32.ActiveCfg = Debug|Any CPU
		{E2862A89-A51D-42DF-99E3-4C49DF21B22E}.Debug|ARM32.Build.0 = Debug|Any CPU
		{E2862A89-A51D-42DF-99E3-4C49DF21B22E}.Debug|x64.ActiveCfg = Debug|Any CPU
		{E2862A89-A51D-42DF-99E3-4C49DF21B22E}.Debug|x64.Build.0 = Debug|Any CPU
		{E2862A89-A51D-42DF-99E3-4C49DF21B22E}.Release|Any CPU.ActiveCfg = Release|Any CPU
		{E2862A89-A51D-42DF-99E3-4C49DF21B22E}.Release|Any CPU.Build.0 = Release|Any CPU
		{E2862A89-A51D-42DF-99E3-4C49DF21B22E}.Release|ARM32.ActiveCfg = Release|Any CPU
		{E2862A89-A51D-42DF-99E3-4C49DF21B22E}.Release|ARM32.Build.0 = Release|Any CPU
		{E2862A89-A51D-42DF-99E3-4C49DF21B22E}.Release|x64.ActiveCfg = Release|Any CPU
		{E2862A89-A51D-42DF-99E3-4C49DF21B22E}.Release|x64.Build.0 = Release|Any CPU
		{5CA365ED-873C-4380-8A9B-59F48022C34E}.Debug|Any CPU.ActiveCfg = Debug|Any CPU
		{5CA365ED-873C-4380-8A9B-59F48022C34E}.Debug|Any CPU.Build.0 = Debug|Any CPU
		{5CA365ED-873C-4380-8A9B-59F48022C34E}.Debug|ARM32.ActiveCfg = Debug|Any CPU
		{5CA365ED-873C-4380-8A9B-59F48022C34E}.Debug|ARM32.Build.0 = Debug|Any CPU
		{5CA365ED-873C-4380-8A9B-59F48022C34E}.Debug|x64.ActiveCfg = Debug|Any CPU
		{5CA365ED-873C-4380-8A9B-59F48022C34E}.Debug|x64.Build.0 = Debug|Any CPU
		{5CA365ED-873C-4380-8A9B-59F48022C34E}.Release|Any CPU.ActiveCfg = Release|Any CPU
		{5CA365ED-873C-4380-8A9B-59F48022C34E}.Release|Any CPU.Build.0 = Release|Any CPU
		{5CA365ED-873C-4380-8A9B-59F48022C34E}.Release|ARM32.ActiveCfg = Release|Any CPU
		{5CA365ED-873C-4380-8A9B-59F48022C34E}.Release|ARM32.Build.0 = Release|Any CPU
		{5CA365ED-873C-4380-8A9B-59F48022C34E}.Release|x64.ActiveCfg = Release|Any CPU
		{5CA365ED-873C-4380-8A9B-59F48022C34E}.Release|x64.Build.0 = Release|Any CPU
	EndGlobalSection
	GlobalSection(SolutionProperties) = preSolution
		HideSolutionNode = FALSE
	EndGlobalSection
	GlobalSection(NestedProjects) = preSolution
		{B17B1758-B43B-498E-945A-E49D677EB1EC} = {88B95995-6047-4481-A29E-861550B92E5C}
		{90B070F6-3FB9-40BF-A747-BA127DE74D10} = {88B95995-6047-4481-A29E-861550B92E5C}
		{EF55F476-873B-463E-B38B-DF6052CEEC42} = {88B95995-6047-4481-A29E-861550B92E5C}
		{78E9A9B4-1A76-4116-99E8-3E3D1444E424} = {88B95995-6047-4481-A29E-861550B92E5C}
		{F7BE9D9C-02D3-4CC3-A274-552F4DA4B534} = {88B95995-6047-4481-A29E-861550B92E5C}
		{21520F3D-92F7-4DC7-8371-80D02B499600} = {88B95995-6047-4481-A29E-861550B92E5C}
		{233D3C1A-C350-4475-A8A3-BB1F55DE343E} = {83C22642-122B-4EA9-9BBE-B81130DA7747}
		{5CA365ED-873C-4380-8A9B-59F48022C34E} = {88B95995-6047-4481-A29E-861550B92E5C}
	EndGlobalSection
	GlobalSection(ExtensibilityGlobals) = postSolution
		SolutionGuid = {0474C4DE-3AC0-4328-A88E-23B4FAFD5ADF}
	EndGlobalSection
EndGlobal
