
Microsoft Visual Studio Solution File, Format Version 12.00
# Visual Studio Version 17
VisualStudioVersion = 17.0.32014.148
MinimumVisualStudioVersion = 10.0.40219.1
Project("{2150E333-8FDC-42A3-9474-1A3956D46DE8}") = "Benchmarks", "Benchmarks", "{88B95995-6047-4481-A29E-861550B92E5C}"
EndProject
Project("{9A19103F-16F7-4668-BE54-9A1E7A4F7556}") = "NetworkLibrary", "NetworkLibrary\NetworkLibrary.csproj", "{D844E241-D256-440C-89EB-B7315AC1334F}"
EndProject
Project("{9A19103F-16F7-4668-BE54-9A1E7A4F7556}") = "TcpMessageBenchmark", "Benchmarks\TcpBenchmark\TcpMessageBenchmark.csproj", "{B17B1758-B43B-498E-945A-E49D677EB1EC}"
EndProject
Project("{9A19103F-16F7-4668-BE54-9A1E7A4F7556}") = "UdpBenchmark", "Benchmarks\UdpBenchmark\UdpBenchmark.csproj", "{90B070F6-3FB9-40BF-A747-BA127DE74D10}"
EndProject
Project("{9A19103F-16F7-4668-BE54-9A1E7A4F7556}") = "UnitTests", "Tests\UnitTests\UnitTests.csproj", "{900DFAD5-E784-4C9E-9FB8-109D0E17E280}"
EndProject
Project("{FAE04EC0-301F-11D3-BF4B-00C04F79EFBC}") = "ConsoleTest", "Tests\ConsoleTest\ConsoleTest.csproj", "{F8C710AB-FEBA-4F74-9E76-2DBDB15DEA67}"
EndProject
Project("{9A19103F-16F7-4668-BE54-9A1E7A4F7556}") = "SslBenchmark", "Benchmarks\SslBenchmark\SslBenchmark.csproj", "{EF55F476-873B-463E-B38B-DF6052CEEC42}"
EndProject
Project("{9A19103F-16F7-4668-BE54-9A1E7A4F7556}") = "SslBenchmark2", "Benchmarks\SslBenchmark2\SslBenchmark2.csproj", "{78E9A9B4-1A76-4116-99E8-3E3D1444E424}"
EndProject
Project("{9A19103F-16F7-4668-BE54-9A1E7A4F7556}") = "Protobuff", "Protobuff\Protobuff.csproj", "{9A0AB8AA-9DAD-4300-AA82-BD3D82EAF16E}"
EndProject
Project("{9A19103F-16F7-4668-BE54-9A1E7A4F7556}") = "HybridSecureProtoNetworkBenchmark", "Benchmarks\SecureProtobuffBenchmark\HybridSecureProtoNetworkBenchmark.csproj", "{F7BE9D9C-02D3-4CC3-A274-552F4DA4B534}"
EndProject
Project("{9A19103F-16F7-4668-BE54-9A1E7A4F7556}") = "ProtobuffBenchmark", "Benchmarks\ProtobuffBenchmark\ProtobuffBenchmark.csproj", "{21520F3D-92F7-4DC7-8371-80D02B499600}"
EndProject
Project("{2150E333-8FDC-42A3-9474-1A3956D46DE8}") = "SimpleExamples", "SimpleExamples", "{83C22642-122B-4EA9-9BBE-B81130DA7747}"
EndProject
Project("{9A19103F-16F7-4668-BE54-9A1E7A4F7556}") = "Examples", "Examples\Examples.csproj", "{233D3C1A-C350-4475-A8A3-BB1F55DE343E}"
	ProjectSection(ProjectDependencies) = postProject
		{9A0AB8AA-9DAD-4300-AA82-BD3D82EAF16E} = {9A0AB8AA-9DAD-4300-AA82-BD3D82EAF16E}
		{D844E241-D256-440C-89EB-B7315AC1334F} = {D844E241-D256-440C-89EB-B7315AC1334F}
	EndProjectSection
EndProject
Project("{9A19103F-16F7-4668-BE54-9A1E7A4F7556}") = "MessagePackBenchmark", "Benchmarks\MessagePackBenchmark\MessagePackBenchmark\MessagePackBenchmark.csproj", "{5CA365ED-873C-4380-8A9B-59F48022C34E}"
EndProject
Project("{9A19103F-16F7-4668-BE54-9A1E7A4F7556}") = "JsonMessageBenchmark", "Benchmarks\JsonMessageBenchmark\JsonMessageBenchmark.csproj", "{826554DC-2329-442D-8577-226DAEC32C65}"
EndProject
Project("{9A19103F-16F7-4668-BE54-9A1E7A4F7556}") = "NetSerializerBenchmark", "Benchmarks\NetSerializerBenchmark\NetSerializerBenchmark.csproj", "{BE99EA44-1E3C-4E28-8A62-E7BA13E364C5}"
EndProject
Project("{9A19103F-16F7-4668-BE54-9A1E7A4F7556}") = "BinaryMessageBenchmark", "Benchmarks\BinaryMessageBenchmark\BinaryMessageBenchmark.csproj", "{BCBF5BA9-E7D0-4B17-81D9-AD75E9B9AFFB}"
EndProject
Project("{9A19103F-16F7-4668-BE54-9A1E7A4F7556}") = "DataContractMessageBenchmark", "Benchmarks\DataContractMessageBenchmark\DataContractMessageBenchmark.csproj", "{0DFB5342-D689-43C9-AD28-496E56BC0DC0}"
EndProject
Project("{2150E333-8FDC-42A3-9474-1A3956D46DE8}") = "SerializedNetwork", "SerializedNetwork", "{7D1D2F6C-0193-4AF8-8BE9-5254D4290AA7}"
EndProject
Project("{9A19103F-16F7-4668-BE54-9A1E7A4F7556}") = "BinarySerializerNetwork", "SerializedNetwork\BinarySerializerNetwork\BinarySerializerNetwork.csproj", "{FD123E75-864E-441F-9E1F-1298D50B0F7D}"
EndProject
Project("{9A19103F-16F7-4668-BE54-9A1E7A4F7556}") = "DataContractNetwork", "SerializedNetwork\DataContractNetwork\DataContractNetwork.csproj", "{4B33389E-43F7-40EC-BCF8-B79AA74C6EF8}"
EndProject
Project("{9A19103F-16F7-4668-BE54-9A1E7A4F7556}") = "JsonMessageNetwork", "SerializedNetwork\JsonNetwork\JsonMessageNetwork.csproj", "{F71092EB-4369-41D1-BD7E-565D7B717CD9}"
EndProject
Project("{9A19103F-16F7-4668-BE54-9A1E7A4F7556}") = "MessagePackNetwork", "SerializedNetwork\MessagePackNetwork\MessagePackNetwork.csproj", "{2C2735D9-0BA2-4569-AD0D-B6994B680DB2}"
EndProject
Project("{9A19103F-16F7-4668-BE54-9A1E7A4F7556}") = "NetSerializerNetwork", "SerializedNetwork\NetSerializerNetwork\NetSerializerNetwork.csproj", "{A27B1266-5FD0-4465-8FB2-C9D39623FA12}"
EndProject
Project("{9A19103F-16F7-4668-BE54-9A1E7A4F7556}") = "CustomSerializer", "CustomSerializer\CustomSerializer.csproj", "{F7338A56-1883-4EA4-A51E-3452D3E8C892}"
EndProject
Project("{9A19103F-16F7-4668-BE54-9A1E7A4F7556}") = "CustomSerializerMessageBenchmark", "Benchmarks\CustomSerializerBenchmark\CustomSerializerMessageBenchmark.csproj", "{252FEDA3-C25A-4CE2-B3C4-C79BE3BCC772}"
EndProject
Project("{9A19103F-16F7-4668-BE54-9A1E7A4F7556}") = "ProtobufNetwork", "SerializedNetwork\ProtobufNetwork\ProtobufNetwork.csproj", "{1A6D41CB-B29F-4EBD-9BAA-A6FD8518015F}"
EndProject
Project("{9A19103F-16F7-4668-BE54-9A1E7A4F7556}") = "HybridProtoNetworkBenchmark", "Benchmarks\HybridProtoNetworkBenchmark\HybridProtoNetworkBenchmark.csproj", "{EECF231C-56AC-4BF0-8B69-3D5B49E28C4D}"
EndProject
Project("{FAE04EC0-301F-11D3-BF4B-00C04F79EFBC}") = "RelayBenchmark", "Benchmarks\RelayBenchmark\RelayBenchmark.csproj", "{C0EEA4AB-56EE-4AD7-8941-1D43DE4D3B6E}"
EndProject
Global
	GlobalSection(SolutionConfigurationPlatforms) = preSolution
		Debug|Any CPU = Debug|Any CPU
		Debug|ARM32 = Debug|ARM32
		Debug|x64 = Debug|x64
		Release|Any CPU = Release|Any CPU
		Release|ARM32 = Release|ARM32
		Release|x64 = Release|x64
	EndGlobalSection
	GlobalSection(ProjectConfigurationPlatforms) = postSolution
		{D844E241-D256-440C-89EB-B7315AC1334F}.Debug|Any CPU.ActiveCfg = Debug|Any CPU
		{D844E241-D256-440C-89EB-B7315AC1334F}.Debug|Any CPU.Build.0 = Debug|Any CPU
		{D844E241-D256-440C-89EB-B7315AC1334F}.Debug|ARM32.ActiveCfg = Debug|Any CPU
		{D844E241-D256-440C-89EB-B7315AC1334F}.Debug|ARM32.Build.0 = Debug|Any CPU
		{D844E241-D256-440C-89EB-B7315AC1334F}.Debug|x64.ActiveCfg = Debug|Any CPU
		{D844E241-D256-440C-89EB-B7315AC1334F}.Debug|x64.Build.0 = Debug|Any CPU
		{D844E241-D256-440C-89EB-B7315AC1334F}.Release|Any CPU.ActiveCfg = Release|Any CPU
		{D844E241-D256-440C-89EB-B7315AC1334F}.Release|Any CPU.Build.0 = Release|Any CPU
		{D844E241-D256-440C-89EB-B7315AC1334F}.Release|ARM32.ActiveCfg = Release|Any CPU
		{D844E241-D256-440C-89EB-B7315AC1334F}.Release|ARM32.Build.0 = Release|Any CPU
		{D844E241-D256-440C-89EB-B7315AC1334F}.Release|x64.ActiveCfg = Release|Any CPU
		{D844E241-D256-440C-89EB-B7315AC1334F}.Release|x64.Build.0 = Release|Any CPU
		{B17B1758-B43B-498E-945A-E49D677EB1EC}.Debug|Any CPU.ActiveCfg = Debug|Any CPU
		{B17B1758-B43B-498E-945A-E49D677EB1EC}.Debug|Any CPU.Build.0 = Debug|Any CPU
		{B17B1758-B43B-498E-945A-E49D677EB1EC}.Debug|ARM32.ActiveCfg = Debug|ARM32
		{B17B1758-B43B-498E-945A-E49D677EB1EC}.Debug|ARM32.Build.0 = Debug|ARM32
		{B17B1758-B43B-498E-945A-E49D677EB1EC}.Debug|x64.ActiveCfg = Debug|Any CPU
		{B17B1758-B43B-498E-945A-E49D677EB1EC}.Debug|x64.Build.0 = Debug|Any CPU
		{B17B1758-B43B-498E-945A-E49D677EB1EC}.Release|Any CPU.ActiveCfg = Release|Any CPU
		{B17B1758-B43B-498E-945A-E49D677EB1EC}.Release|Any CPU.Build.0 = Release|Any CPU
		{B17B1758-B43B-498E-945A-E49D677EB1EC}.Release|ARM32.ActiveCfg = Release|ARM32
		{B17B1758-B43B-498E-945A-E49D677EB1EC}.Release|ARM32.Build.0 = Release|ARM32
		{B17B1758-B43B-498E-945A-E49D677EB1EC}.Release|x64.ActiveCfg = Release|Any CPU
		{B17B1758-B43B-498E-945A-E49D677EB1EC}.Release|x64.Build.0 = Release|Any CPU
		{90B070F6-3FB9-40BF-A747-BA127DE74D10}.Debug|Any CPU.ActiveCfg = Debug|Any CPU
		{90B070F6-3FB9-40BF-A747-BA127DE74D10}.Debug|Any CPU.Build.0 = Debug|Any CPU
		{90B070F6-3FB9-40BF-A747-BA127DE74D10}.Debug|ARM32.ActiveCfg = Debug|Any CPU
		{90B070F6-3FB9-40BF-A747-BA127DE74D10}.Debug|ARM32.Build.0 = Debug|Any CPU
		{90B070F6-3FB9-40BF-A747-BA127DE74D10}.Debug|x64.ActiveCfg = Debug|Any CPU
		{90B070F6-3FB9-40BF-A747-BA127DE74D10}.Debug|x64.Build.0 = Debug|Any CPU
		{90B070F6-3FB9-40BF-A747-BA127DE74D10}.Release|Any CPU.ActiveCfg = Release|Any CPU
		{90B070F6-3FB9-40BF-A747-BA127DE74D10}.Release|Any CPU.Build.0 = Release|Any CPU
		{90B070F6-3FB9-40BF-A747-BA127DE74D10}.Release|ARM32.ActiveCfg = Release|Any CPU
		{90B070F6-3FB9-40BF-A747-BA127DE74D10}.Release|ARM32.Build.0 = Release|Any CPU
		{90B070F6-3FB9-40BF-A747-BA127DE74D10}.Release|x64.ActiveCfg = Release|Any CPU
		{90B070F6-3FB9-40BF-A747-BA127DE74D10}.Release|x64.Build.0 = Release|Any CPU
		{900DFAD5-E784-4C9E-9FB8-109D0E17E280}.Debug|Any CPU.ActiveCfg = Debug|Any CPU
		{900DFAD5-E784-4C9E-9FB8-109D0E17E280}.Debug|Any CPU.Build.0 = Debug|Any CPU
		{900DFAD5-E784-4C9E-9FB8-109D0E17E280}.Debug|ARM32.ActiveCfg = Debug|Any CPU
		{900DFAD5-E784-4C9E-9FB8-109D0E17E280}.Debug|ARM32.Build.0 = Debug|Any CPU
		{900DFAD5-E784-4C9E-9FB8-109D0E17E280}.Debug|x64.ActiveCfg = Debug|Any CPU
		{900DFAD5-E784-4C9E-9FB8-109D0E17E280}.Debug|x64.Build.0 = Debug|Any CPU
		{900DFAD5-E784-4C9E-9FB8-109D0E17E280}.Release|Any CPU.ActiveCfg = Release|Any CPU
		{900DFAD5-E784-4C9E-9FB8-109D0E17E280}.Release|Any CPU.Build.0 = Release|Any CPU
		{900DFAD5-E784-4C9E-9FB8-109D0E17E280}.Release|ARM32.ActiveCfg = Release|Any CPU
		{900DFAD5-E784-4C9E-9FB8-109D0E17E280}.Release|ARM32.Build.0 = Release|Any CPU
		{900DFAD5-E784-4C9E-9FB8-109D0E17E280}.Release|x64.ActiveCfg = Release|Any CPU
		{900DFAD5-E784-4C9E-9FB8-109D0E17E280}.Release|x64.Build.0 = Release|Any CPU
		{F8C710AB-FEBA-4F74-9E76-2DBDB15DEA67}.Debug|Any CPU.ActiveCfg = Debug|Any CPU
		{F8C710AB-FEBA-4F74-9E76-2DBDB15DEA67}.Debug|Any CPU.Build.0 = Debug|Any CPU
		{F8C710AB-FEBA-4F74-9E76-2DBDB15DEA67}.Debug|ARM32.ActiveCfg = Debug|Any CPU
		{F8C710AB-FEBA-4F74-9E76-2DBDB15DEA67}.Debug|ARM32.Build.0 = Debug|Any CPU
		{F8C710AB-FEBA-4F74-9E76-2DBDB15DEA67}.Debug|x64.ActiveCfg = Debug|x64
		{F8C710AB-FEBA-4F74-9E76-2DBDB15DEA67}.Debug|x64.Build.0 = Debug|x64
		{F8C710AB-FEBA-4F74-9E76-2DBDB15DEA67}.Release|Any CPU.ActiveCfg = Release|Any CPU
		{F8C710AB-FEBA-4F74-9E76-2DBDB15DEA67}.Release|Any CPU.Build.0 = Release|Any CPU
		{F8C710AB-FEBA-4F74-9E76-2DBDB15DEA67}.Release|ARM32.ActiveCfg = Release|Any CPU
		{F8C710AB-FEBA-4F74-9E76-2DBDB15DEA67}.Release|ARM32.Build.0 = Release|Any CPU
		{F8C710AB-FEBA-4F74-9E76-2DBDB15DEA67}.Release|x64.ActiveCfg = Release|x64
		{F8C710AB-FEBA-4F74-9E76-2DBDB15DEA67}.Release|x64.Build.0 = Release|x64
		{EF55F476-873B-463E-B38B-DF6052CEEC42}.Debug|Any CPU.ActiveCfg = Debug|Any CPU
		{EF55F476-873B-463E-B38B-DF6052CEEC42}.Debug|Any CPU.Build.0 = Debug|Any CPU
		{EF55F476-873B-463E-B38B-DF6052CEEC42}.Debug|ARM32.ActiveCfg = Debug|Any CPU
		{EF55F476-873B-463E-B38B-DF6052CEEC42}.Debug|ARM32.Build.0 = Debug|Any CPU
		{EF55F476-873B-463E-B38B-DF6052CEEC42}.Debug|x64.ActiveCfg = Debug|Any CPU
		{EF55F476-873B-463E-B38B-DF6052CEEC42}.Debug|x64.Build.0 = Debug|Any CPU
		{EF55F476-873B-463E-B38B-DF6052CEEC42}.Release|Any CPU.ActiveCfg = Release|Any CPU
		{EF55F476-873B-463E-B38B-DF6052CEEC42}.Release|Any CPU.Build.0 = Release|Any CPU
		{EF55F476-873B-463E-B38B-DF6052CEEC42}.Release|ARM32.ActiveCfg = Release|Any CPU
		{EF55F476-873B-463E-B38B-DF6052CEEC42}.Release|ARM32.Build.0 = Release|Any CPU
		{EF55F476-873B-463E-B38B-DF6052CEEC42}.Release|x64.ActiveCfg = Release|Any CPU
		{EF55F476-873B-463E-B38B-DF6052CEEC42}.Release|x64.Build.0 = Release|Any CPU
		{78E9A9B4-1A76-4116-99E8-3E3D1444E424}.Debug|Any CPU.ActiveCfg = Debug|Any CPU
		{78E9A9B4-1A76-4116-99E8-3E3D1444E424}.Debug|Any CPU.Build.0 = Debug|Any CPU
		{78E9A9B4-1A76-4116-99E8-3E3D1444E424}.Debug|ARM32.ActiveCfg = Debug|Any CPU
		{78E9A9B4-1A76-4116-99E8-3E3D1444E424}.Debug|ARM32.Build.0 = Debug|Any CPU
		{78E9A9B4-1A76-4116-99E8-3E3D1444E424}.Debug|x64.ActiveCfg = Debug|Any CPU
		{78E9A9B4-1A76-4116-99E8-3E3D1444E424}.Debug|x64.Build.0 = Debug|Any CPU
		{78E9A9B4-1A76-4116-99E8-3E3D1444E424}.Release|Any CPU.ActiveCfg = Release|Any CPU
		{78E9A9B4-1A76-4116-99E8-3E3D1444E424}.Release|Any CPU.Build.0 = Release|Any CPU
		{78E9A9B4-1A76-4116-99E8-3E3D1444E424}.Release|ARM32.ActiveCfg = Release|Any CPU
		{78E9A9B4-1A76-4116-99E8-3E3D1444E424}.Release|ARM32.Build.0 = Release|Any CPU
		{78E9A9B4-1A76-4116-99E8-3E3D1444E424}.Release|x64.ActiveCfg = Release|Any CPU
		{78E9A9B4-1A76-4116-99E8-3E3D1444E424}.Release|x64.Build.0 = Release|Any CPU
		{9A0AB8AA-9DAD-4300-AA82-BD3D82EAF16E}.Debug|Any CPU.ActiveCfg = Debug|Any CPU
		{9A0AB8AA-9DAD-4300-AA82-BD3D82EAF16E}.Debug|Any CPU.Build.0 = Debug|Any CPU
		{9A0AB8AA-9DAD-4300-AA82-BD3D82EAF16E}.Debug|ARM32.ActiveCfg = Debug|Any CPU
		{9A0AB8AA-9DAD-4300-AA82-BD3D82EAF16E}.Debug|ARM32.Build.0 = Debug|Any CPU
		{9A0AB8AA-9DAD-4300-AA82-BD3D82EAF16E}.Debug|x64.ActiveCfg = Debug|Any CPU
		{9A0AB8AA-9DAD-4300-AA82-BD3D82EAF16E}.Debug|x64.Build.0 = Debug|Any CPU
		{9A0AB8AA-9DAD-4300-AA82-BD3D82EAF16E}.Release|Any CPU.ActiveCfg = Release|Any CPU
		{9A0AB8AA-9DAD-4300-AA82-BD3D82EAF16E}.Release|Any CPU.Build.0 = Release|Any CPU
		{9A0AB8AA-9DAD-4300-AA82-BD3D82EAF16E}.Release|ARM32.ActiveCfg = Release|Any CPU
		{9A0AB8AA-9DAD-4300-AA82-BD3D82EAF16E}.Release|ARM32.Build.0 = Release|Any CPU
		{9A0AB8AA-9DAD-4300-AA82-BD3D82EAF16E}.Release|x64.ActiveCfg = Release|Any CPU
		{9A0AB8AA-9DAD-4300-AA82-BD3D82EAF16E}.Release|x64.Build.0 = Release|Any CPU
		{F7BE9D9C-02D3-4CC3-A274-552F4DA4B534}.Debug|Any CPU.ActiveCfg = Debug|Any CPU
		{F7BE9D9C-02D3-4CC3-A274-552F4DA4B534}.Debug|Any CPU.Build.0 = Debug|Any CPU
		{F7BE9D9C-02D3-4CC3-A274-552F4DA4B534}.Debug|ARM32.ActiveCfg = Debug|Any CPU
		{F7BE9D9C-02D3-4CC3-A274-552F4DA4B534}.Debug|ARM32.Build.0 = Debug|Any CPU
		{F7BE9D9C-02D3-4CC3-A274-552F4DA4B534}.Debug|x64.ActiveCfg = Debug|Any CPU
		{F7BE9D9C-02D3-4CC3-A274-552F4DA4B534}.Debug|x64.Build.0 = Debug|Any CPU
		{F7BE9D9C-02D3-4CC3-A274-552F4DA4B534}.Release|Any CPU.ActiveCfg = Release|Any CPU
		{F7BE9D9C-02D3-4CC3-A274-552F4DA4B534}.Release|Any CPU.Build.0 = Release|Any CPU
		{F7BE9D9C-02D3-4CC3-A274-552F4DA4B534}.Release|ARM32.ActiveCfg = Release|Any CPU
		{F7BE9D9C-02D3-4CC3-A274-552F4DA4B534}.Release|ARM32.Build.0 = Release|Any CPU
		{F7BE9D9C-02D3-4CC3-A274-552F4DA4B534}.Release|x64.ActiveCfg = Release|Any CPU
		{F7BE9D9C-02D3-4CC3-A274-552F4DA4B534}.Release|x64.Build.0 = Release|Any CPU
		{21520F3D-92F7-4DC7-8371-80D02B499600}.Debug|Any CPU.ActiveCfg = Debug|Any CPU
		{21520F3D-92F7-4DC7-8371-80D02B499600}.Debug|Any CPU.Build.0 = Debug|Any CPU
		{21520F3D-92F7-4DC7-8371-80D02B499600}.Debug|ARM32.ActiveCfg = Debug|Any CPU
		{21520F3D-92F7-4DC7-8371-80D02B499600}.Debug|ARM32.Build.0 = Debug|Any CPU
		{21520F3D-92F7-4DC7-8371-80D02B499600}.Debug|x64.ActiveCfg = Debug|Any CPU
		{21520F3D-92F7-4DC7-8371-80D02B499600}.Debug|x64.Build.0 = Debug|Any CPU
		{21520F3D-92F7-4DC7-8371-80D02B499600}.Release|Any CPU.ActiveCfg = Release|Any CPU
		{21520F3D-92F7-4DC7-8371-80D02B499600}.Release|Any CPU.Build.0 = Release|Any CPU
		{21520F3D-92F7-4DC7-8371-80D02B499600}.Release|ARM32.ActiveCfg = Release|Any CPU
		{21520F3D-92F7-4DC7-8371-80D02B499600}.Release|ARM32.Build.0 = Release|Any CPU
		{21520F3D-92F7-4DC7-8371-80D02B499600}.Release|x64.ActiveCfg = Release|Any CPU
		{21520F3D-92F7-4DC7-8371-80D02B499600}.Release|x64.Build.0 = Release|Any CPU
		{233D3C1A-C350-4475-A8A3-BB1F55DE343E}.Debug|Any CPU.ActiveCfg = Debug|Any CPU
		{233D3C1A-C350-4475-A8A3-BB1F55DE343E}.Debug|Any CPU.Build.0 = Debug|Any CPU
		{233D3C1A-C350-4475-A8A3-BB1F55DE343E}.Debug|ARM32.ActiveCfg = Debug|Any CPU
		{233D3C1A-C350-4475-A8A3-BB1F55DE343E}.Debug|ARM32.Build.0 = Debug|Any CPU
		{233D3C1A-C350-4475-A8A3-BB1F55DE343E}.Debug|x64.ActiveCfg = Debug|Any CPU
		{233D3C1A-C350-4475-A8A3-BB1F55DE343E}.Debug|x64.Build.0 = Debug|Any CPU
		{233D3C1A-C350-4475-A8A3-BB1F55DE343E}.Release|Any CPU.ActiveCfg = Release|Any CPU
		{233D3C1A-C350-4475-A8A3-BB1F55DE343E}.Release|Any CPU.Build.0 = Release|Any CPU
		{233D3C1A-C350-4475-A8A3-BB1F55DE343E}.Release|ARM32.ActiveCfg = Release|Any CPU
		{233D3C1A-C350-4475-A8A3-BB1F55DE343E}.Release|ARM32.Build.0 = Release|Any CPU
		{233D3C1A-C350-4475-A8A3-BB1F55DE343E}.Release|x64.ActiveCfg = Release|Any CPU
		{233D3C1A-C350-4475-A8A3-BB1F55DE343E}.Release|x64.Build.0 = Release|Any CPU
		{5CA365ED-873C-4380-8A9B-59F48022C34E}.Debug|Any CPU.ActiveCfg = Debug|Any CPU
		{5CA365ED-873C-4380-8A9B-59F48022C34E}.Debug|Any CPU.Build.0 = Debug|Any CPU
		{5CA365ED-873C-4380-8A9B-59F48022C34E}.Debug|ARM32.ActiveCfg = Debug|Any CPU
		{5CA365ED-873C-4380-8A9B-59F48022C34E}.Debug|ARM32.Build.0 = Debug|Any CPU
		{5CA365ED-873C-4380-8A9B-59F48022C34E}.Debug|x64.ActiveCfg = Debug|Any CPU
		{5CA365ED-873C-4380-8A9B-59F48022C34E}.Debug|x64.Build.0 = Debug|Any CPU
		{5CA365ED-873C-4380-8A9B-59F48022C34E}.Release|Any CPU.ActiveCfg = Release|Any CPU
		{5CA365ED-873C-4380-8A9B-59F48022C34E}.Release|Any CPU.Build.0 = Release|Any CPU
		{5CA365ED-873C-4380-8A9B-59F48022C34E}.Release|ARM32.ActiveCfg = Release|Any CPU
		{5CA365ED-873C-4380-8A9B-59F48022C34E}.Release|ARM32.Build.0 = Release|Any CPU
		{5CA365ED-873C-4380-8A9B-59F48022C34E}.Release|x64.ActiveCfg = Release|Any CPU
		{5CA365ED-873C-4380-8A9B-59F48022C34E}.Release|x64.Build.0 = Release|Any CPU
		{826554DC-2329-442D-8577-226DAEC32C65}.Debug|Any CPU.ActiveCfg = Debug|Any CPU
		{826554DC-2329-442D-8577-226DAEC32C65}.Debug|Any CPU.Build.0 = Debug|Any CPU
		{826554DC-2329-442D-8577-226DAEC32C65}.Debug|ARM32.ActiveCfg = Debug|Any CPU
		{826554DC-2329-442D-8577-226DAEC32C65}.Debug|ARM32.Build.0 = Debug|Any CPU
		{826554DC-2329-442D-8577-226DAEC32C65}.Debug|x64.ActiveCfg = Debug|Any CPU
		{826554DC-2329-442D-8577-226DAEC32C65}.Debug|x64.Build.0 = Debug|Any CPU
		{826554DC-2329-442D-8577-226DAEC32C65}.Release|Any CPU.ActiveCfg = Release|Any CPU
		{826554DC-2329-442D-8577-226DAEC32C65}.Release|Any CPU.Build.0 = Release|Any CPU
		{826554DC-2329-442D-8577-226DAEC32C65}.Release|ARM32.ActiveCfg = Release|Any CPU
		{826554DC-2329-442D-8577-226DAEC32C65}.Release|ARM32.Build.0 = Release|Any CPU
		{826554DC-2329-442D-8577-226DAEC32C65}.Release|x64.ActiveCfg = Release|Any CPU
		{826554DC-2329-442D-8577-226DAEC32C65}.Release|x64.Build.0 = Release|Any CPU
		{BE99EA44-1E3C-4E28-8A62-E7BA13E364C5}.Debug|Any CPU.ActiveCfg = Debug|Any CPU
		{BE99EA44-1E3C-4E28-8A62-E7BA13E364C5}.Debug|Any CPU.Build.0 = Debug|Any CPU
		{BE99EA44-1E3C-4E28-8A62-E7BA13E364C5}.Debug|ARM32.ActiveCfg = Debug|Any CPU
		{BE99EA44-1E3C-4E28-8A62-E7BA13E364C5}.Debug|ARM32.Build.0 = Debug|Any CPU
		{BE99EA44-1E3C-4E28-8A62-E7BA13E364C5}.Debug|x64.ActiveCfg = Debug|Any CPU
		{BE99EA44-1E3C-4E28-8A62-E7BA13E364C5}.Debug|x64.Build.0 = Debug|Any CPU
		{BE99EA44-1E3C-4E28-8A62-E7BA13E364C5}.Release|Any CPU.ActiveCfg = Release|Any CPU
		{BE99EA44-1E3C-4E28-8A62-E7BA13E364C5}.Release|Any CPU.Build.0 = Release|Any CPU
		{BE99EA44-1E3C-4E28-8A62-E7BA13E364C5}.Release|ARM32.ActiveCfg = Release|Any CPU
		{BE99EA44-1E3C-4E28-8A62-E7BA13E364C5}.Release|ARM32.Build.0 = Release|Any CPU
		{BE99EA44-1E3C-4E28-8A62-E7BA13E364C5}.Release|x64.ActiveCfg = Release|Any CPU
		{BE99EA44-1E3C-4E28-8A62-E7BA13E364C5}.Release|x64.Build.0 = Release|Any CPU
		{BCBF5BA9-E7D0-4B17-81D9-AD75E9B9AFFB}.Debug|Any CPU.ActiveCfg = Debug|Any CPU
		{BCBF5BA9-E7D0-4B17-81D9-AD75E9B9AFFB}.Debug|Any CPU.Build.0 = Debug|Any CPU
		{BCBF5BA9-E7D0-4B17-81D9-AD75E9B9AFFB}.Debug|ARM32.ActiveCfg = Debug|Any CPU
		{BCBF5BA9-E7D0-4B17-81D9-AD75E9B9AFFB}.Debug|ARM32.Build.0 = Debug|Any CPU
		{BCBF5BA9-E7D0-4B17-81D9-AD75E9B9AFFB}.Debug|x64.ActiveCfg = Debug|Any CPU
		{BCBF5BA9-E7D0-4B17-81D9-AD75E9B9AFFB}.Debug|x64.Build.0 = Debug|Any CPU
		{BCBF5BA9-E7D0-4B17-81D9-AD75E9B9AFFB}.Release|Any CPU.ActiveCfg = Release|Any CPU
		{BCBF5BA9-E7D0-4B17-81D9-AD75E9B9AFFB}.Release|Any CPU.Build.0 = Release|Any CPU
		{BCBF5BA9-E7D0-4B17-81D9-AD75E9B9AFFB}.Release|ARM32.ActiveCfg = Release|Any CPU
		{BCBF5BA9-E7D0-4B17-81D9-AD75E9B9AFFB}.Release|ARM32.Build.0 = Release|Any CPU
		{BCBF5BA9-E7D0-4B17-81D9-AD75E9B9AFFB}.Release|x64.ActiveCfg = Release|Any CPU
		{BCBF5BA9-E7D0-4B17-81D9-AD75E9B9AFFB}.Release|x64.Build.0 = Release|Any CPU
		{0DFB5342-D689-43C9-AD28-496E56BC0DC0}.Debug|Any CPU.ActiveCfg = Debug|Any CPU
		{0DFB5342-D689-43C9-AD28-496E56BC0DC0}.Debug|Any CPU.Build.0 = Debug|Any CPU
		{0DFB5342-D689-43C9-AD28-496E56BC0DC0}.Debug|ARM32.ActiveCfg = Debug|Any CPU
		{0DFB5342-D689-43C9-AD28-496E56BC0DC0}.Debug|ARM32.Build.0 = Debug|Any CPU
		{0DFB5342-D689-43C9-AD28-496E56BC0DC0}.Debug|x64.ActiveCfg = Debug|Any CPU
		{0DFB5342-D689-43C9-AD28-496E56BC0DC0}.Debug|x64.Build.0 = Debug|Any CPU
		{0DFB5342-D689-43C9-AD28-496E56BC0DC0}.Release|Any CPU.ActiveCfg = Release|Any CPU
		{0DFB5342-D689-43C9-AD28-496E56BC0DC0}.Release|Any CPU.Build.0 = Release|Any CPU
		{0DFB5342-D689-43C9-AD28-496E56BC0DC0}.Release|ARM32.ActiveCfg = Release|Any CPU
		{0DFB5342-D689-43C9-AD28-496E56BC0DC0}.Release|ARM32.Build.0 = Release|Any CPU
		{0DFB5342-D689-43C9-AD28-496E56BC0DC0}.Release|x64.ActiveCfg = Release|Any CPU
		{0DFB5342-D689-43C9-AD28-496E56BC0DC0}.Release|x64.Build.0 = Release|Any CPU
		{FD123E75-864E-441F-9E1F-1298D50B0F7D}.Debug|Any CPU.ActiveCfg = Debug|Any CPU
		{FD123E75-864E-441F-9E1F-1298D50B0F7D}.Debug|Any CPU.Build.0 = Debug|Any CPU
		{FD123E75-864E-441F-9E1F-1298D50B0F7D}.Debug|ARM32.ActiveCfg = Debug|Any CPU
		{FD123E75-864E-441F-9E1F-1298D50B0F7D}.Debug|ARM32.Build.0 = Debug|Any CPU
		{FD123E75-864E-441F-9E1F-1298D50B0F7D}.Debug|x64.ActiveCfg = Debug|Any CPU
		{FD123E75-864E-441F-9E1F-1298D50B0F7D}.Debug|x64.Build.0 = Debug|Any CPU
		{FD123E75-864E-441F-9E1F-1298D50B0F7D}.Release|Any CPU.ActiveCfg = Release|Any CPU
		{FD123E75-864E-441F-9E1F-1298D50B0F7D}.Release|Any CPU.Build.0 = Release|Any CPU
		{FD123E75-864E-441F-9E1F-1298D50B0F7D}.Release|ARM32.ActiveCfg = Release|Any CPU
		{FD123E75-864E-441F-9E1F-1298D50B0F7D}.Release|ARM32.Build.0 = Release|Any CPU
		{FD123E75-864E-441F-9E1F-1298D50B0F7D}.Release|x64.ActiveCfg = Release|Any CPU
		{FD123E75-864E-441F-9E1F-1298D50B0F7D}.Release|x64.Build.0 = Release|Any CPU
		{4B33389E-43F7-40EC-BCF8-B79AA74C6EF8}.Debug|Any CPU.ActiveCfg = Debug|Any CPU
		{4B33389E-43F7-40EC-BCF8-B79AA74C6EF8}.Debug|Any CPU.Build.0 = Debug|Any CPU
		{4B33389E-43F7-40EC-BCF8-B79AA74C6EF8}.Debug|ARM32.ActiveCfg = Debug|Any CPU
		{4B33389E-43F7-40EC-BCF8-B79AA74C6EF8}.Debug|ARM32.Build.0 = Debug|Any CPU
		{4B33389E-43F7-40EC-BCF8-B79AA74C6EF8}.Debug|x64.ActiveCfg = Debug|Any CPU
		{4B33389E-43F7-40EC-BCF8-B79AA74C6EF8}.Debug|x64.Build.0 = Debug|Any CPU
		{4B33389E-43F7-40EC-BCF8-B79AA74C6EF8}.Release|Any CPU.ActiveCfg = Release|Any CPU
		{4B33389E-43F7-40EC-BCF8-B79AA74C6EF8}.Release|Any CPU.Build.0 = Release|Any CPU
		{4B33389E-43F7-40EC-BCF8-B79AA74C6EF8}.Release|ARM32.ActiveCfg = Release|Any CPU
		{4B33389E-43F7-40EC-BCF8-B79AA74C6EF8}.Release|ARM32.Build.0 = Release|Any CPU
		{4B33389E-43F7-40EC-BCF8-B79AA74C6EF8}.Release|x64.ActiveCfg = Release|Any CPU
		{4B33389E-43F7-40EC-BCF8-B79AA74C6EF8}.Release|x64.Build.0 = Release|Any CPU
		{F71092EB-4369-41D1-BD7E-565D7B717CD9}.Debug|Any CPU.ActiveCfg = Debug|Any CPU
		{F71092EB-4369-41D1-BD7E-565D7B717CD9}.Debug|Any CPU.Build.0 = Debug|Any CPU
		{F71092EB-4369-41D1-BD7E-565D7B717CD9}.Debug|ARM32.ActiveCfg = Debug|Any CPU
		{F71092EB-4369-41D1-BD7E-565D7B717CD9}.Debug|ARM32.Build.0 = Debug|Any CPU
		{F71092EB-4369-41D1-BD7E-565D7B717CD9}.Debug|x64.ActiveCfg = Debug|Any CPU
		{F71092EB-4369-41D1-BD7E-565D7B717CD9}.Debug|x64.Build.0 = Debug|Any CPU
		{F71092EB-4369-41D1-BD7E-565D7B717CD9}.Release|Any CPU.ActiveCfg = Release|Any CPU
		{F71092EB-4369-41D1-BD7E-565D7B717CD9}.Release|Any CPU.Build.0 = Release|Any CPU
		{F71092EB-4369-41D1-BD7E-565D7B717CD9}.Release|ARM32.ActiveCfg = Release|Any CPU
		{F71092EB-4369-41D1-BD7E-565D7B717CD9}.Release|ARM32.Build.0 = Release|Any CPU
		{F71092EB-4369-41D1-BD7E-565D7B717CD9}.Release|x64.ActiveCfg = Release|Any CPU
		{F71092EB-4369-41D1-BD7E-565D7B717CD9}.Release|x64.Build.0 = Release|Any CPU
		{2C2735D9-0BA2-4569-AD0D-B6994B680DB2}.Debug|Any CPU.ActiveCfg = Debug|Any CPU
		{2C2735D9-0BA2-4569-AD0D-B6994B680DB2}.Debug|Any CPU.Build.0 = Debug|Any CPU
		{2C2735D9-0BA2-4569-AD0D-B6994B680DB2}.Debug|ARM32.ActiveCfg = Debug|Any CPU
		{2C2735D9-0BA2-4569-AD0D-B6994B680DB2}.Debug|ARM32.Build.0 = Debug|Any CPU
		{2C2735D9-0BA2-4569-AD0D-B6994B680DB2}.Debug|x64.ActiveCfg = Debug|Any CPU
		{2C2735D9-0BA2-4569-AD0D-B6994B680DB2}.Debug|x64.Build.0 = Debug|Any CPU
		{2C2735D9-0BA2-4569-AD0D-B6994B680DB2}.Release|Any CPU.ActiveCfg = Release|Any CPU
		{2C2735D9-0BA2-4569-AD0D-B6994B680DB2}.Release|Any CPU.Build.0 = Release|Any CPU
		{2C2735D9-0BA2-4569-AD0D-B6994B680DB2}.Release|ARM32.ActiveCfg = Release|Any CPU
		{2C2735D9-0BA2-4569-AD0D-B6994B680DB2}.Release|ARM32.Build.0 = Release|Any CPU
		{2C2735D9-0BA2-4569-AD0D-B6994B680DB2}.Release|x64.ActiveCfg = Release|Any CPU
		{2C2735D9-0BA2-4569-AD0D-B6994B680DB2}.Release|x64.Build.0 = Release|Any CPU
		{A27B1266-5FD0-4465-8FB2-C9D39623FA12}.Debug|Any CPU.ActiveCfg = Debug|Any CPU
		{A27B1266-5FD0-4465-8FB2-C9D39623FA12}.Debug|Any CPU.Build.0 = Debug|Any CPU
		{A27B1266-5FD0-4465-8FB2-C9D39623FA12}.Debug|ARM32.ActiveCfg = Debug|Any CPU
		{A27B1266-5FD0-4465-8FB2-C9D39623FA12}.Debug|ARM32.Build.0 = Debug|Any CPU
		{A27B1266-5FD0-4465-8FB2-C9D39623FA12}.Debug|x64.ActiveCfg = Debug|Any CPU
		{A27B1266-5FD0-4465-8FB2-C9D39623FA12}.Debug|x64.Build.0 = Debug|Any CPU
		{A27B1266-5FD0-4465-8FB2-C9D39623FA12}.Release|Any CPU.ActiveCfg = Release|Any CPU
		{A27B1266-5FD0-4465-8FB2-C9D39623FA12}.Release|Any CPU.Build.0 = Release|Any CPU
		{A27B1266-5FD0-4465-8FB2-C9D39623FA12}.Release|ARM32.ActiveCfg = Release|Any CPU
		{A27B1266-5FD0-4465-8FB2-C9D39623FA12}.Release|ARM32.Build.0 = Release|Any CPU
		{A27B1266-5FD0-4465-8FB2-C9D39623FA12}.Release|x64.ActiveCfg = Release|Any CPU
		{A27B1266-5FD0-4465-8FB2-C9D39623FA12}.Release|x64.Build.0 = Release|Any CPU
		{F7338A56-1883-4EA4-A51E-3452D3E8C892}.Debug|Any CPU.ActiveCfg = Debug|Any CPU
		{F7338A56-1883-4EA4-A51E-3452D3E8C892}.Debug|Any CPU.Build.0 = Debug|Any CPU
		{F7338A56-1883-4EA4-A51E-3452D3E8C892}.Debug|ARM32.ActiveCfg = Debug|Any CPU
		{F7338A56-1883-4EA4-A51E-3452D3E8C892}.Debug|ARM32.Build.0 = Debug|Any CPU
		{F7338A56-1883-4EA4-A51E-3452D3E8C892}.Debug|x64.ActiveCfg = Debug|Any CPU
		{F7338A56-1883-4EA4-A51E-3452D3E8C892}.Debug|x64.Build.0 = Debug|Any CPU
		{F7338A56-1883-4EA4-A51E-3452D3E8C892}.Release|Any CPU.ActiveCfg = Release|Any CPU
		{F7338A56-1883-4EA4-A51E-3452D3E8C892}.Release|Any CPU.Build.0 = Release|Any CPU
		{F7338A56-1883-4EA4-A51E-3452D3E8C892}.Release|ARM32.ActiveCfg = Release|Any CPU
		{F7338A56-1883-4EA4-A51E-3452D3E8C892}.Release|ARM32.Build.0 = Release|Any CPU
		{F7338A56-1883-4EA4-A51E-3452D3E8C892}.Release|x64.ActiveCfg = Release|Any CPU
		{F7338A56-1883-4EA4-A51E-3452D3E8C892}.Release|x64.Build.0 = Release|Any CPU
		{252FEDA3-C25A-4CE2-B3C4-C79BE3BCC772}.Debug|Any CPU.ActiveCfg = Debug|Any CPU
		{252FEDA3-C25A-4CE2-B3C4-C79BE3BCC772}.Debug|Any CPU.Build.0 = Debug|Any CPU
		{252FEDA3-C25A-4CE2-B3C4-C79BE3BCC772}.Debug|ARM32.ActiveCfg = Debug|Any CPU
		{252FEDA3-C25A-4CE2-B3C4-C79BE3BCC772}.Debug|ARM32.Build.0 = Debug|Any CPU
		{252FEDA3-C25A-4CE2-B3C4-C79BE3BCC772}.Debug|x64.ActiveCfg = Debug|Any CPU
		{252FEDA3-C25A-4CE2-B3C4-C79BE3BCC772}.Debug|x64.Build.0 = Debug|Any CPU
		{252FEDA3-C25A-4CE2-B3C4-C79BE3BCC772}.Release|Any CPU.ActiveCfg = Release|Any CPU
		{252FEDA3-C25A-4CE2-B3C4-C79BE3BCC772}.Release|Any CPU.Build.0 = Release|Any CPU
		{252FEDA3-C25A-4CE2-B3C4-C79BE3BCC772}.Release|ARM32.ActiveCfg = Release|Any CPU
		{252FEDA3-C25A-4CE2-B3C4-C79BE3BCC772}.Release|ARM32.Build.0 = Release|Any CPU
		{252FEDA3-C25A-4CE2-B3C4-C79BE3BCC772}.Release|x64.ActiveCfg = Release|Any CPU
		{252FEDA3-C25A-4CE2-B3C4-C79BE3BCC772}.Release|x64.Build.0 = Release|Any CPU
		{1A6D41CB-B29F-4EBD-9BAA-A6FD8518015F}.Debug|Any CPU.ActiveCfg = Debug|Any CPU
		{1A6D41CB-B29F-4EBD-9BAA-A6FD8518015F}.Debug|Any CPU.Build.0 = Debug|Any CPU
		{1A6D41CB-B29F-4EBD-9BAA-A6FD8518015F}.Debug|ARM32.ActiveCfg = Debug|Any CPU
		{1A6D41CB-B29F-4EBD-9BAA-A6FD8518015F}.Debug|ARM32.Build.0 = Debug|Any CPU
		{1A6D41CB-B29F-4EBD-9BAA-A6FD8518015F}.Debug|x64.ActiveCfg = Debug|Any CPU
		{1A6D41CB-B29F-4EBD-9BAA-A6FD8518015F}.Debug|x64.Build.0 = Debug|Any CPU
		{1A6D41CB-B29F-4EBD-9BAA-A6FD8518015F}.Release|Any CPU.ActiveCfg = Release|Any CPU
		{1A6D41CB-B29F-4EBD-9BAA-A6FD8518015F}.Release|Any CPU.Build.0 = Release|Any CPU
		{1A6D41CB-B29F-4EBD-9BAA-A6FD8518015F}.Release|ARM32.ActiveCfg = Release|Any CPU
		{1A6D41CB-B29F-4EBD-9BAA-A6FD8518015F}.Release|ARM32.Build.0 = Release|Any CPU
		{1A6D41CB-B29F-4EBD-9BAA-A6FD8518015F}.Release|x64.ActiveCfg = Release|Any CPU
		{1A6D41CB-B29F-4EBD-9BAA-A6FD8518015F}.Release|x64.Build.0 = Release|Any CPU
		{EECF231C-56AC-4BF0-8B69-3D5B49E28C4D}.Debug|Any CPU.ActiveCfg = Debug|Any CPU
		{EECF231C-56AC-4BF0-8B69-3D5B49E28C4D}.Debug|Any CPU.Build.0 = Debug|Any CPU
		{EECF231C-56AC-4BF0-8B69-3D5B49E28C4D}.Debug|ARM32.ActiveCfg = Debug|Any CPU
		{EECF231C-56AC-4BF0-8B69-3D5B49E28C4D}.Debug|ARM32.Build.0 = Debug|Any CPU
		{EECF231C-56AC-4BF0-8B69-3D5B49E28C4D}.Debug|x64.ActiveCfg = Debug|Any CPU
		{EECF231C-56AC-4BF0-8B69-3D5B49E28C4D}.Debug|x64.Build.0 = Debug|Any CPU
		{EECF231C-56AC-4BF0-8B69-3D5B49E28C4D}.Release|Any CPU.ActiveCfg = Release|Any CPU
		{EECF231C-56AC-4BF0-8B69-3D5B49E28C4D}.Release|Any CPU.Build.0 = Release|Any CPU
		{EECF231C-56AC-4BF0-8B69-3D5B49E28C4D}.Release|ARM32.ActiveCfg = Release|Any CPU
		{EECF231C-56AC-4BF0-8B69-3D5B49E28C4D}.Release|ARM32.Build.0 = Release|Any CPU
		{EECF231C-56AC-4BF0-8B69-3D5B49E28C4D}.Release|x64.ActiveCfg = Release|Any CPU
		{EECF231C-56AC-4BF0-8B69-3D5B49E28C4D}.Release|x64.Build.0 = Release|Any CPU
		{C0EEA4AB-56EE-4AD7-8941-1D43DE4D3B6E}.Debug|Any CPU.ActiveCfg = Debug|Any CPU
		{C0EEA4AB-56EE-4AD7-8941-1D43DE4D3B6E}.Debug|Any CPU.Build.0 = Debug|Any CPU
		{C0EEA4AB-56EE-4AD7-8941-1D43DE4D3B6E}.Debug|ARM32.ActiveCfg = Debug|Any CPU
		{C0EEA4AB-56EE-4AD7-8941-1D43DE4D3B6E}.Debug|ARM32.Build.0 = Debug|Any CPU
		{C0EEA4AB-56EE-4AD7-8941-1D43DE4D3B6E}.Debug|x64.ActiveCfg = Debug|Any CPU
		{C0EEA4AB-56EE-4AD7-8941-1D43DE4D3B6E}.Debug|x64.Build.0 = Debug|Any CPU
		{C0EEA4AB-56EE-4AD7-8941-1D43DE4D3B6E}.Release|Any CPU.ActiveCfg = Release|Any CPU
		{C0EEA4AB-56EE-4AD7-8941-1D43DE4D3B6E}.Release|Any CPU.Build.0 = Release|Any CPU
		{C0EEA4AB-56EE-4AD7-8941-1D43DE4D3B6E}.Release|ARM32.ActiveCfg = Release|Any CPU
		{C0EEA4AB-56EE-4AD7-8941-1D43DE4D3B6E}.Release|ARM32.Build.0 = Release|Any CPU
		{C0EEA4AB-56EE-4AD7-8941-1D43DE4D3B6E}.Release|x64.ActiveCfg = Release|Any CPU
		{C0EEA4AB-56EE-4AD7-8941-1D43DE4D3B6E}.Release|x64.Build.0 = Release|Any CPU
	EndGlobalSection
	GlobalSection(SolutionProperties) = preSolution
		HideSolutionNode = FALSE
	EndGlobalSection
	GlobalSection(NestedProjects) = preSolution
		{B17B1758-B43B-498E-945A-E49D677EB1EC} = {88B95995-6047-4481-A29E-861550B92E5C}
		{90B070F6-3FB9-40BF-A747-BA127DE74D10} = {88B95995-6047-4481-A29E-861550B92E5C}
		{EF55F476-873B-463E-B38B-DF6052CEEC42} = {88B95995-6047-4481-A29E-861550B92E5C}
		{78E9A9B4-1A76-4116-99E8-3E3D1444E424} = {88B95995-6047-4481-A29E-861550B92E5C}
		{F7BE9D9C-02D3-4CC3-A274-552F4DA4B534} = {88B95995-6047-4481-A29E-861550B92E5C}
		{21520F3D-92F7-4DC7-8371-80D02B499600} = {88B95995-6047-4481-A29E-861550B92E5C}
		{233D3C1A-C350-4475-A8A3-BB1F55DE343E} = {83C22642-122B-4EA9-9BBE-B81130DA7747}
		{5CA365ED-873C-4380-8A9B-59F48022C34E} = {88B95995-6047-4481-A29E-861550B92E5C}
		{826554DC-2329-442D-8577-226DAEC32C65} = {88B95995-6047-4481-A29E-861550B92E5C}
		{BE99EA44-1E3C-4E28-8A62-E7BA13E364C5} = {88B95995-6047-4481-A29E-861550B92E5C}
		{BCBF5BA9-E7D0-4B17-81D9-AD75E9B9AFFB} = {88B95995-6047-4481-A29E-861550B92E5C}
		{0DFB5342-D689-43C9-AD28-496E56BC0DC0} = {88B95995-6047-4481-A29E-861550B92E5C}
		{FD123E75-864E-441F-9E1F-1298D50B0F7D} = {7D1D2F6C-0193-4AF8-8BE9-5254D4290AA7}
		{4B33389E-43F7-40EC-BCF8-B79AA74C6EF8} = {7D1D2F6C-0193-4AF8-8BE9-5254D4290AA7}
		{F71092EB-4369-41D1-BD7E-565D7B717CD9} = {7D1D2F6C-0193-4AF8-8BE9-5254D4290AA7}
		{2C2735D9-0BA2-4569-AD0D-B6994B680DB2} = {7D1D2F6C-0193-4AF8-8BE9-5254D4290AA7}
		{A27B1266-5FD0-4465-8FB2-C9D39623FA12} = {7D1D2F6C-0193-4AF8-8BE9-5254D4290AA7}
		{F7338A56-1883-4EA4-A51E-3452D3E8C892} = {7D1D2F6C-0193-4AF8-8BE9-5254D4290AA7}
		{252FEDA3-C25A-4CE2-B3C4-C79BE3BCC772} = {88B95995-6047-4481-A29E-861550B92E5C}
		{1A6D41CB-B29F-4EBD-9BAA-A6FD8518015F} = {7D1D2F6C-0193-4AF8-8BE9-5254D4290AA7}
		{EECF231C-56AC-4BF0-8B69-3D5B49E28C4D} = {88B95995-6047-4481-A29E-861550B92E5C}
		{C0EEA4AB-56EE-4AD7-8941-1D43DE4D3B6E} = {88B95995-6047-4481-A29E-861550B92E5C}
	EndGlobalSection
	GlobalSection(ExtensibilityGlobals) = postSolution
		SolutionGuid = {0474C4DE-3AC0-4328-A88E-23B4FAFD5ADF}
	EndGlobalSection
EndGlobal
